
Microsoft Visual Studio Solution File, Format Version 12.00
# Visual Studio 2013
VisualStudioVersion = 12.0.40629.0
MinimumVisualStudioVersion = 10.0.40219.1
Project("{F2A71F9B-5D33-465A-A702-920D77279786}") = "Informedica.GenUtils.Lib", "src\Informedica.GenUtils.Lib\Informedica.GenUtils.Lib.fsproj", "{54A62E70-FC42-4595-B0D4-C748D6E37F5B}"
EndProject
Project("{2150E333-8FDC-42A3-9474-1A3956D46DE8}") = "Solution Items", "Solution Items", "{FC08EE1B-1651-485C-8DA7-47FCE3F99D01}"
	ProjectSection(SolutionItems) = preProject
		build.fsx = build.fsx
		paket.dependencies = paket.dependencies
	EndProjectSection
EndProject
Project("{2150E333-8FDC-42A3-9474-1A3956D46DE8}") = "docs", "docs", "{0AE66425-24E1-43E1-A211-2A29FD858A02}"
EndProject
Project("{2150E333-8FDC-42A3-9474-1A3956D46DE8}") = "scripts", "scripts", "{AEDD867D-262C-4058-A052-E0E21501D82F}"
	ProjectSection(SolutionItems) = preProject
		scripts\AppVeyor.fsx = scripts\AppVeyor.fsx
		scripts\Settings.fsx = scripts\Settings.fsx
		scripts\Travis.fsx = scripts\Travis.fsx
	EndProjectSection
EndProject
Project("{2150E333-8FDC-42A3-9474-1A3956D46DE8}") = "content", "content", "{AF293369-5C0C-4D60-8E59-38E6916F7EA6}"
	ProjectSection(SolutionItems) = preProject
		docs\content\index.fsx = docs\content\index.fsx
		docs\content\tutorial.fsx = docs\content\tutorial.fsx
	EndProjectSection
EndProject
Project("{2150E333-8FDC-42A3-9474-1A3956D46DE8}") = "tools", "tools", "{52905A00-454B-479E-8356-34929EF93CDB}"
	ProjectSection(SolutionItems) = preProject
		docs\tools\generate.fsx = docs\tools\generate.fsx
	EndProjectSection
EndProject
Global
	GlobalSection(SolutionConfigurationPlatforms) = preSolution
		Debug|Any CPU = Debug|Any CPU
		Release|Any CPU = Release|Any CPU
	EndGlobalSection
	GlobalSection(ProjectConfigurationPlatforms) = postSolution
		{54A62E70-FC42-4595-B0D4-C748D6E37F5B}.Debug|Any CPU.ActiveCfg = Debug|Any CPU
		{54A62E70-FC42-4595-B0D4-C748D6E37F5B}.Debug|Any CPU.Build.0 = Debug|Any CPU
		{54A62E70-FC42-4595-B0D4-C748D6E37F5B}.Release|Any CPU.ActiveCfg = Release|Any CPU
		{54A62E70-FC42-4595-B0D4-C748D6E37F5B}.Release|Any CPU.Build.0 = Release|Any CPU
	EndGlobalSection
	GlobalSection(SolutionProperties) = preSolution
		HideSolutionNode = FALSE
	EndGlobalSection
	GlobalSection(NestedProjects) = preSolution
		{AF293369-5C0C-4D60-8E59-38E6916F7EA6} = {0AE66425-24E1-43E1-A211-2A29FD858A02}
		{52905A00-454B-479E-8356-34929EF93CDB} = {0AE66425-24E1-43E1-A211-2A29FD858A02}
	EndGlobalSection
EndGlobal
